
Microsoft Visual Studio Solution File, Format Version 12.00
# Visual Studio Version 17
VisualStudioVersion = 17.2.32630.192
MinimumVisualStudioVersion = 10.0.40219.1
Project("{9A19103F-16F7-4668-BE54-9A1E7A4F7556}") = "BiblioBook", "BiblioBook\BiblioBook.csproj", "{CCDBE4CC-ACCC-4C85-8CA2-E4527313FE9B}"
EndProject
Project("{FAE04EC0-301F-11D3-BF4B-00C04F79EFBC}") = "reportapi", "reportapi\reportapi.csproj", "{155612EC-92AD-4884-A9AE-D63F84EA30C2}"
EndProject
Project("{FAE04EC0-301F-11D3-BF4B-00C04F79EFBC}") = "BiblioBookTest", "BiblioBookTest\BiblioBookTest.csproj", "{B8329282-BA31-474E-8B68-0B5854025CE1}"
EndProject
Project("{FAE04EC0-301F-11D3-BF4B-00C04F79EFBC}") = "adminbook", "bookmanage\adminbook.csproj", "{D4203E4E-4984-4C0A-9AAD-2C7261165D79}"
EndProject
Global
	GlobalSection(SolutionConfigurationPlatforms) = preSolution
		Debug|Any CPU = Debug|Any CPU
		Release|Any CPU = Release|Any CPU
	EndGlobalSection
	GlobalSection(ProjectConfigurationPlatforms) = postSolution
		{CCDBE4CC-ACCC-4C85-8CA2-E4527313FE9B}.Debug|Any CPU.ActiveCfg = Debug|Any CPU
		{CCDBE4CC-ACCC-4C85-8CA2-E4527313FE9B}.Debug|Any CPU.Build.0 = Debug|Any CPU
		{CCDBE4CC-ACCC-4C85-8CA2-E4527313FE9B}.Release|Any CPU.ActiveCfg = Release|Any CPU
		{CCDBE4CC-ACCC-4C85-8CA2-E4527313FE9B}.Release|Any CPU.Build.0 = Release|Any CPU
		{155612EC-92AD-4884-A9AE-D63F84EA30C2}.Debug|Any CPU.ActiveCfg = Debug|Any CPU
		{155612EC-92AD-4884-A9AE-D63F84EA30C2}.Debug|Any CPU.Build.0 = Debug|Any CPU
		{155612EC-92AD-4884-A9AE-D63F84EA30C2}.Release|Any CPU.ActiveCfg = Release|Any CPU
		{155612EC-92AD-4884-A9AE-D63F84EA30C2}.Release|Any CPU.Build.0 = Release|Any CPU
		{B8329282-BA31-474E-8B68-0B5854025CE1}.Debug|Any CPU.ActiveCfg = Debug|Any CPU
		{B8329282-BA31-474E-8B68-0B5854025CE1}.Debug|Any CPU.Build.0 = Debug|Any CPU
		{B8329282-BA31-474E-8B68-0B5854025CE1}.Release|Any CPU.ActiveCfg = Release|Any CPU
		{B8329282-BA31-474E-8B68-0B5854025CE1}.Release|Any CPU.Build.0 = Release|Any CPU
		{D4203E4E-4984-4C0A-9AAD-2C7261165D79}.Debug|Any CPU.ActiveCfg = Debug|Any CPU
		{D4203E4E-4984-4C0A-9AAD-2C7261165D79}.Debug|Any CPU.Build.0 = Debug|Any CPU
		{D4203E4E-4984-4C0A-9AAD-2C7261165D79}.Release|Any CPU.ActiveCfg = Release|Any CPU
		{D4203E4E-4984-4C0A-9AAD-2C7261165D79}.Release|Any CPU.Build.0 = Release|Any CPU
	EndGlobalSection
	GlobalSection(SolutionProperties) = preSolution
		HideSolutionNode = FALSE
	EndGlobalSection
	GlobalSection(ExtensibilityGlobals) = postSolution
		SolutionGuid = {FD75F823-2BFC-41C5-A411-B7DA538BB6D2}
	EndGlobalSection
EndGlobal
